
Microsoft Visual Studio Solution File, Format Version 11.00
# Visual Studio 2010
Project("{FAE04EC0-301F-11D3-BF4B-00C04F79EFBC}") = "Ffd.Presentation.Manager", "Ffd.Presentation.Manager\Ffd.Presentation.Manager.csproj", "{F2360D6D-0C9B-453C-AE53-8F844660BF94}"
EndProject
Project("{FAE04EC0-301F-11D3-BF4B-00C04F79EFBC}") = "Ffd.Data", "Ffd.Data\Ffd.Data.csproj", "{8BFCF8A7-0020-4B60-BDD7-C51D444E556D}"
EndProject
Project("{FAE04EC0-301F-11D3-BF4B-00C04F79EFBC}") = "Ffd.App.Core", "Ffd.App.Core\Ffd.App.Core.csproj", "{EBB55339-006B-4A58-8A7F-4BF94E7F15F7}"
EndProject
Project("{FAE04EC0-301F-11D3-BF4B-00C04F79EFBC}") = "Ffd.Common", "Ffd.Common\Ffd.Common.csproj", "{EAB7FD00-BCBB-46F8-9BFD-1FE086B28555}"
EndProject
Project("{E24C65DC-7377-472B-9ABA-BC803B73C61A}") = "ffd", "http://localhost/ffd", "{238930E8-2E26-4610-8628-00141F4A32CE}"
	ProjectSection(WebsiteProperties) = preProject
		UseIISExpress = "false"
		TargetFrameworkMoniker = ".NETFramework,Version%3Dv4.0"
		ProjectReferences = "{EBB55339-006B-4A58-8A7F-4BF94E7F15F7}|Ffd.App.Core.dll;{2BA32E70-C8A0-412B-9DAA-10F1CA69A7B1}|Ffd.Presentation.Website.dll;{EAB7FD00-BCBB-46F8-9BFD-1FE086B28555}|Ffd.Common.dll;{8BFCF8A7-0020-4B60-BDD7-C51D444E556D}|Ffd.Data.dll;"
		Debug.AspNetCompiler.VirtualPath = "/ffd"
		Debug.AspNetCompiler.PhysicalPath = "..\..\inetpub\wwwroot\ffd\"
		Debug.AspNetCompiler.TargetPath = "PrecompiledWeb\ffd\"
		Debug.AspNetCompiler.Updateable = "true"
		Debug.AspNetCompiler.ForceOverwrite = "true"
		Debug.AspNetCompiler.FixedNames = "false"
		Debug.AspNetCompiler.Debug = "True"
		Release.AspNetCompiler.VirtualPath = "/ffd"
		Release.AspNetCompiler.PhysicalPath = "..\..\inetpub\wwwroot\ffd\"
		Release.AspNetCompiler.TargetPath = "PrecompiledWeb\ffd\"
		Release.AspNetCompiler.Updateable = "true"
		Release.AspNetCompiler.ForceOverwrite = "true"
		Release.AspNetCompiler.FixedNames = "false"
		Release.AspNetCompiler.Debug = "False"
		SlnRelativePath = "Website\"
	EndProjectSection
EndProject
Project("{FAE04EC0-301F-11D3-BF4B-00C04F79EFBC}") = "Ffd.Presentation.Website", "Ffd.Presentation.Website\Ffd.Presentation.Website.csproj", "{2BA32E70-C8A0-412B-9DAA-10F1CA69A7B1}"
EndProject
Project("{E24C65DC-7377-472B-9ABA-BC803B73C61A}") = "ffd-content", "http://localhost/ffd-content", "{DFB0AE92-8B55-4081-B2D5-BBE2FDE4EA9E}"
	ProjectSection(WebsiteProperties) = preProject
		UseIISExpress = "false"
		TargetFrameworkMoniker = ".NETFramework,Version%3Dv4.0"
		Debug.AspNetCompiler.VirtualPath = "/ffd-content"
		Debug.AspNetCompiler.PhysicalPath = "..\..\inetpub\wwwroot\ffd-content\"
		Debug.AspNetCompiler.TargetPath = "PrecompiledWeb\ffd-content\"
		Debug.AspNetCompiler.Updateable = "true"
		Debug.AspNetCompiler.ForceOverwrite = "true"
		Debug.AspNetCompiler.FixedNames = "false"
		Debug.AspNetCompiler.Debug = "True"
		Release.AspNetCompiler.VirtualPath = "/ffd-content"
		Release.AspNetCompiler.PhysicalPath = "..\..\inetpub\wwwroot\ffd-content\"
		Release.AspNetCompiler.TargetPath = "PrecompiledWeb\ffd-content\"
		Release.AspNetCompiler.Updateable = "true"
		Release.AspNetCompiler.ForceOverwrite = "true"
		Release.AspNetCompiler.FixedNames = "false"
		Release.AspNetCompiler.Debug = "False"
		SlnRelativePath = "Content\"
	EndProjectSection
EndProject
Project("{E24C65DC-7377-472B-9ABA-BC803B73C61A}") = "iframe", "http://localhost/iframe", "{67073815-5743-4975-81A6-524EF0E5C6C3}"
	ProjectSection(WebsiteProperties) = preProject
		UseIISExpress = "false"
		TargetFrameworkMoniker = ".NETFramework,Version%3Dv4.0"
		ProjectReferences = "{8BFCF8A7-0020-4B60-BDD7-C51D444E556D}|Ffd.Data.dll;{EBB55339-006B-4A58-8A7F-4BF94E7F15F7}|Ffd.App.Core.dll;{EAB7FD00-BCBB-46F8-9BFD-1FE086B28555}|Ffd.Common.dll;"
		Debug.AspNetCompiler.VirtualPath = "/iframe"
		Debug.AspNetCompiler.PhysicalPath = "..\..\inetpub\wwwroot\iframe\"
		Debug.AspNetCompiler.TargetPath = "PrecompiledWeb\iframe\"
		Debug.AspNetCompiler.Updateable = "true"
		Debug.AspNetCompiler.ForceOverwrite = "true"
		Debug.AspNetCompiler.FixedNames = "false"
		Debug.AspNetCompiler.Debug = "True"
		Release.AspNetCompiler.VirtualPath = "/iframe"
		Release.AspNetCompiler.PhysicalPath = "..\..\inetpub\wwwroot\iframe\"
		Release.AspNetCompiler.TargetPath = "PrecompiledWeb\iframe\"
		Release.AspNetCompiler.Updateable = "true"
		Release.AspNetCompiler.ForceOverwrite = "true"
		Release.AspNetCompiler.FixedNames = "false"
		Release.AspNetCompiler.Debug = "False"
		SlnRelativePath = "Websiteiframe\"
	EndProjectSection
EndProject
Project("{FAE04EC0-301F-11D3-BF4B-00C04F79EFBC}") = "Ffd.Presentation.LeadManager", "Ffd.Presentation.LeadManager\Ffd.Presentation.LeadManager.csproj", "{2124D2A8-F4E1-455D-833D-4F52D7ED1ACA}"
EndProject
Global
	GlobalSection(SolutionConfigurationPlatforms) = preSolution
		Debug Fat Client|.NET = Debug Fat Client|.NET
		Debug Fat Client|Any CPU = Debug Fat Client|Any CPU
		Debug Fat Client|Mixed Platforms = Debug Fat Client|Mixed Platforms
		Debug Website|.NET = Debug Website|.NET
		Debug Website|Any CPU = Debug Website|Any CPU
		Debug Website|Mixed Platforms = Debug Website|Mixed Platforms
		Debug|.NET = Debug|.NET
		Debug|Any CPU = Debug|Any CPU
		Debug|Mixed Platforms = Debug|Mixed Platforms
		Release|.NET = Release|.NET
		Release|Any CPU = Release|Any CPU
		Release|Mixed Platforms = Release|Mixed Platforms
	EndGlobalSection
	GlobalSection(ProjectConfigurationPlatforms) = postSolution
		{F2360D6D-0C9B-453C-AE53-8F844660BF94}.Debug Fat Client|.NET.ActiveCfg = Debug Fat Client|Any CPU
		{F2360D6D-0C9B-453C-AE53-8F844660BF94}.Debug Fat Client|Any CPU.ActiveCfg = Debug Fat Client|Any CPU
		{F2360D6D-0C9B-453C-AE53-8F844660BF94}.Debug Fat Client|Any CPU.Build.0 = Debug Fat Client|Any CPU
		{F2360D6D-0C9B-453C-AE53-8F844660BF94}.Debug Fat Client|Mixed Platforms.ActiveCfg = Debug Fat Client|Any CPU
		{F2360D6D-0C9B-453C-AE53-8F844660BF94}.Debug Fat Client|Mixed Platforms.Build.0 = Debug Fat Client|Any CPU
		{F2360D6D-0C9B-453C-AE53-8F844660BF94}.Debug Website|.NET.ActiveCfg = Debug|Any CPU
		{F2360D6D-0C9B-453C-AE53-8F844660BF94}.Debug Website|Any CPU.ActiveCfg = Debug|Any CPU
		{F2360D6D-0C9B-453C-AE53-8F844660BF94}.Debug Website|Any CPU.Build.0 = Debug|Any CPU
		{F2360D6D-0C9B-453C-AE53-8F844660BF94}.Debug Website|Mixed Platforms.ActiveCfg = Debug|Any CPU
		{F2360D6D-0C9B-453C-AE53-8F844660BF94}.Debug|.NET.ActiveCfg = Debug|Any CPU
		{F2360D6D-0C9B-453C-AE53-8F844660BF94}.Debug|Any CPU.ActiveCfg = Debug|Any CPU
		{F2360D6D-0C9B-453C-AE53-8F844660BF94}.Debug|Any CPU.Build.0 = Debug|Any CPU
		{F2360D6D-0C9B-453C-AE53-8F844660BF94}.Debug|Mixed Platforms.ActiveCfg = Debug|Any CPU
		{F2360D6D-0C9B-453C-AE53-8F844660BF94}.Debug|Mixed Platforms.Build.0 = Debug|Any CPU
		{F2360D6D-0C9B-453C-AE53-8F844660BF94}.Release|.NET.ActiveCfg = Release|Any CPU
		{F2360D6D-0C9B-453C-AE53-8F844660BF94}.Release|Any CPU.ActiveCfg = Release|Any CPU
		{F2360D6D-0C9B-453C-AE53-8F844660BF94}.Release|Any CPU.Build.0 = Release|Any CPU
		{F2360D6D-0C9B-453C-AE53-8F844660BF94}.Release|Mixed Platforms.ActiveCfg = Release|Any CPU
		{F2360D6D-0C9B-453C-AE53-8F844660BF94}.Release|Mixed Platforms.Build.0 = Release|Any CPU
		{8BFCF8A7-0020-4B60-BDD7-C51D444E556D}.Debug Fat Client|.NET.ActiveCfg = Debug Fat Client|Any CPU
		{8BFCF8A7-0020-4B60-BDD7-C51D444E556D}.Debug Fat Client|Any CPU.ActiveCfg = Debug Fat Client|Any CPU
		{8BFCF8A7-0020-4B60-BDD7-C51D444E556D}.Debug Fat Client|Any CPU.Build.0 = Debug Fat Client|Any CPU
		{8BFCF8A7-0020-4B60-BDD7-C51D444E556D}.Debug Fat Client|Mixed Platforms.ActiveCfg = Debug Fat Client|Any CPU
		{8BFCF8A7-0020-4B60-BDD7-C51D444E556D}.Debug Fat Client|Mixed Platforms.Build.0 = Debug Fat Client|Any CPU
		{8BFCF8A7-0020-4B60-BDD7-C51D444E556D}.Debug Website|.NET.ActiveCfg = Debug|Any CPU
		{8BFCF8A7-0020-4B60-BDD7-C51D444E556D}.Debug Website|Any CPU.ActiveCfg = Debug|Any CPU
		{8BFCF8A7-0020-4B60-BDD7-C51D444E556D}.Debug Website|Any CPU.Build.0 = Debug|Any CPU
		{8BFCF8A7-0020-4B60-BDD7-C51D444E556D}.Debug Website|Mixed Platforms.ActiveCfg = Debug|Any CPU
		{8BFCF8A7-0020-4B60-BDD7-C51D444E556D}.Debug Website|Mixed Platforms.Build.0 = Debug|Any CPU
		{8BFCF8A7-0020-4B60-BDD7-C51D444E556D}.Debug|.NET.ActiveCfg = Debug|Any CPU
		{8BFCF8A7-0020-4B60-BDD7-C51D444E556D}.Debug|Any CPU.ActiveCfg = Debug|Any CPU
		{8BFCF8A7-0020-4B60-BDD7-C51D444E556D}.Debug|Any CPU.Build.0 = Debug|Any CPU
		{8BFCF8A7-0020-4B60-BDD7-C51D444E556D}.Debug|Mixed Platforms.ActiveCfg = Debug|Any CPU
		{8BFCF8A7-0020-4B60-BDD7-C51D444E556D}.Debug|Mixed Platforms.Build.0 = Debug|Any CPU
		{8BFCF8A7-0020-4B60-BDD7-C51D444E556D}.Release|.NET.ActiveCfg = Release|Any CPU
		{8BFCF8A7-0020-4B60-BDD7-C51D444E556D}.Release|Any CPU.ActiveCfg = Release|Any CPU
		{8BFCF8A7-0020-4B60-BDD7-C51D444E556D}.Release|Any CPU.Build.0 = Release|Any CPU
		{8BFCF8A7-0020-4B60-BDD7-C51D444E556D}.Release|Mixed Platforms.ActiveCfg = Release|Any CPU
		{8BFCF8A7-0020-4B60-BDD7-C51D444E556D}.Release|Mixed Platforms.Build.0 = Release|Any CPU
		{EBB55339-006B-4A58-8A7F-4BF94E7F15F7}.Debug Fat Client|.NET.ActiveCfg = Debug Fat Client|Any CPU
		{EBB55339-006B-4A58-8A7F-4BF94E7F15F7}.Debug Fat Client|Any CPU.ActiveCfg = Debug Fat Client|Any CPU
		{EBB55339-006B-4A58-8A7F-4BF94E7F15F7}.Debug Fat Client|Any CPU.Build.0 = Debug Fat Client|Any CPU
		{EBB55339-006B-4A58-8A7F-4BF94E7F15F7}.Debug Fat Client|Mixed Platforms.ActiveCfg = Debug Fat Client|Any CPU
		{EBB55339-006B-4A58-8A7F-4BF94E7F15F7}.Debug Fat Client|Mixed Platforms.Build.0 = Debug Fat Client|Any CPU
		{EBB55339-006B-4A58-8A7F-4BF94E7F15F7}.Debug Website|.NET.ActiveCfg = Debug|Any CPU
		{EBB55339-006B-4A58-8A7F-4BF94E7F15F7}.Debug Website|Any CPU.ActiveCfg = Debug|Any CPU
		{EBB55339-006B-4A58-8A7F-4BF94E7F15F7}.Debug Website|Any CPU.Build.0 = Debug|Any CPU
		{EBB55339-006B-4A58-8A7F-4BF94E7F15F7}.Debug Website|Mixed Platforms.ActiveCfg = Debug|Any CPU
		{EBB55339-006B-4A58-8A7F-4BF94E7F15F7}.Debug Website|Mixed Platforms.Build.0 = Debug|Any CPU
		{EBB55339-006B-4A58-8A7F-4BF94E7F15F7}.Debug|.NET.ActiveCfg = Debug|Any CPU
		{EBB55339-006B-4A58-8A7F-4BF94E7F15F7}.Debug|Any CPU.ActiveCfg = Debug|Any CPU
		{EBB55339-006B-4A58-8A7F-4BF94E7F15F7}.Debug|Any CPU.Build.0 = Debug|Any CPU
		{EBB55339-006B-4A58-8A7F-4BF94E7F15F7}.Debug|Mixed Platforms.ActiveCfg = Debug|Any CPU
		{EBB55339-006B-4A58-8A7F-4BF94E7F15F7}.Debug|Mixed Platforms.Build.0 = Debug|Any CPU
		{EBB55339-006B-4A58-8A7F-4BF94E7F15F7}.Release|.NET.ActiveCfg = Release|Any CPU
		{EBB55339-006B-4A58-8A7F-4BF94E7F15F7}.Release|Any CPU.ActiveCfg = Release|Any CPU
		{EBB55339-006B-4A58-8A7F-4BF94E7F15F7}.Release|Any CPU.Build.0 = Release|Any CPU
		{EBB55339-006B-4A58-8A7F-4BF94E7F15F7}.Release|Mixed Platforms.ActiveCfg = Release|Any CPU
		{EBB55339-006B-4A58-8A7F-4BF94E7F15F7}.Release|Mixed Platforms.Build.0 = Release|Any CPU
		{EAB7FD00-BCBB-46F8-9BFD-1FE086B28555}.Debug Fat Client|.NET.ActiveCfg = Debug Fat Client|Any CPU
		{EAB7FD00-BCBB-46F8-9BFD-1FE086B28555}.Debug Fat Client|Any CPU.ActiveCfg = Debug Fat Client|Any CPU
		{EAB7FD00-BCBB-46F8-9BFD-1FE086B28555}.Debug Fat Client|Any CPU.Build.0 = Debug Fat Client|Any CPU
		{EAB7FD00-BCBB-46F8-9BFD-1FE086B28555}.Debug Fat Client|Mixed Platforms.ActiveCfg = Debug Fat Client|Any CPU
		{EAB7FD00-BCBB-46F8-9BFD-1FE086B28555}.Debug Fat Client|Mixed Platforms.Build.0 = Debug Fat Client|Any CPU
		{EAB7FD00-BCBB-46F8-9BFD-1FE086B28555}.Debug Website|.NET.ActiveCfg = Debug|Any CPU
		{EAB7FD00-BCBB-46F8-9BFD-1FE086B28555}.Debug Website|Any CPU.ActiveCfg = Debug|Any CPU
		{EAB7FD00-BCBB-46F8-9BFD-1FE086B28555}.Debug Website|Any CPU.Build.0 = Debug|Any CPU
		{EAB7FD00-BCBB-46F8-9BFD-1FE086B28555}.Debug Website|Mixed Platforms.ActiveCfg = Debug|Any CPU
		{EAB7FD00-BCBB-46F8-9BFD-1FE086B28555}.Debug Website|Mixed Platforms.Build.0 = Debug|Any CPU
		{EAB7FD00-BCBB-46F8-9BFD-1FE086B28555}.Debug|.NET.ActiveCfg = Debug|Any CPU
		{EAB7FD00-BCBB-46F8-9BFD-1FE086B28555}.Debug|Any CPU.ActiveCfg = Debug|Any CPU
		{EAB7FD00-BCBB-46F8-9BFD-1FE086B28555}.Debug|Any CPU.Build.0 = Debug|Any CPU
		{EAB7FD00-BCBB-46F8-9BFD-1FE086B28555}.Debug|Mixed Platforms.ActiveCfg = Debug|Any CPU
		{EAB7FD00-BCBB-46F8-9BFD-1FE086B28555}.Debug|Mixed Platforms.Build.0 = Debug|Any CPU
		{EAB7FD00-BCBB-46F8-9BFD-1FE086B28555}.Release|.NET.ActiveCfg = Release|Any CPU
		{EAB7FD00-BCBB-46F8-9BFD-1FE086B28555}.Release|Any CPU.ActiveCfg = Release|Any CPU
		{EAB7FD00-BCBB-46F8-9BFD-1FE086B28555}.Release|Any CPU.Build.0 = Release|Any CPU
		{EAB7FD00-BCBB-46F8-9BFD-1FE086B28555}.Release|Mixed Platforms.ActiveCfg = Release|Any CPU
		{EAB7FD00-BCBB-46F8-9BFD-1FE086B28555}.Release|Mixed Platforms.Build.0 = Release|Any CPU
		{238930E8-2E26-4610-8628-00141F4A32CE}.Debug Fat Client|.NET.ActiveCfg = Debug|.NET
		{238930E8-2E26-4610-8628-00141F4A32CE}.Debug Fat Client|.NET.Build.0 = Debug|.NET
		{238930E8-2E26-4610-8628-00141F4A32CE}.Debug Fat Client|Any CPU.ActiveCfg = Debug|.NET
		{238930E8-2E26-4610-8628-00141F4A32CE}.Debug Fat Client|Mixed Platforms.ActiveCfg = Debug|.NET
		{238930E8-2E26-4610-8628-00141F4A32CE}.Debug Website|.NET.ActiveCfg = Debug|.NET
		{238930E8-2E26-4610-8628-00141F4A32CE}.Debug Website|.NET.Build.0 = Debug|.NET
		{238930E8-2E26-4610-8628-00141F4A32CE}.Debug Website|Any CPU.ActiveCfg = Debug|.NET
		{238930E8-2E26-4610-8628-00141F4A32CE}.Debug Website|Mixed Platforms.ActiveCfg = Debug|.NET
		{238930E8-2E26-4610-8628-00141F4A32CE}.Debug|.NET.ActiveCfg = Debug|.NET
		{238930E8-2E26-4610-8628-00141F4A32CE}.Debug|.NET.Build.0 = Debug|.NET
		{238930E8-2E26-4610-8628-00141F4A32CE}.Debug|Any CPU.ActiveCfg = Debug|.NET
		{238930E8-2E26-4610-8628-00141F4A32CE}.Debug|Mixed Platforms.ActiveCfg = Debug|.NET
		{238930E8-2E26-4610-8628-00141F4A32CE}.Debug|Mixed Platforms.Build.0 = Debug|.NET
		{238930E8-2E26-4610-8628-00141F4A32CE}.Release|.NET.ActiveCfg = Debug|.NET
		{238930E8-2E26-4610-8628-00141F4A32CE}.Release|.NET.Build.0 = Debug|.NET
		{238930E8-2E26-4610-8628-00141F4A32CE}.Release|Any CPU.ActiveCfg = Debug|.NET
		{238930E8-2E26-4610-8628-00141F4A32CE}.Release|Mixed Platforms.ActiveCfg = Debug|.NET
		{238930E8-2E26-4610-8628-00141F4A32CE}.Release|Mixed Platforms.Build.0 = Debug|.NET
		{2BA32E70-C8A0-412B-9DAA-10F1CA69A7B1}.Debug Fat Client|.NET.ActiveCfg = Debug Fat Client|Any CPU
		{2BA32E70-C8A0-412B-9DAA-10F1CA69A7B1}.Debug Fat Client|Any CPU.ActiveCfg = Debug Fat Client|Any CPU
		{2BA32E70-C8A0-412B-9DAA-10F1CA69A7B1}.Debug Fat Client|Any CPU.Build.0 = Debug Fat Client|Any CPU
		{2BA32E70-C8A0-412B-9DAA-10F1CA69A7B1}.Debug Fat Client|Mixed Platforms.ActiveCfg = Debug Fat Client|Any CPU
		{2BA32E70-C8A0-412B-9DAA-10F1CA69A7B1}.Debug Fat Client|Mixed Platforms.Build.0 = Debug Fat Client|Any CPU
		{2BA32E70-C8A0-412B-9DAA-10F1CA69A7B1}.Debug Website|.NET.ActiveCfg = Debug|Any CPU
		{2BA32E70-C8A0-412B-9DAA-10F1CA69A7B1}.Debug Website|Any CPU.ActiveCfg = Debug|Any CPU
		{2BA32E70-C8A0-412B-9DAA-10F1CA69A7B1}.Debug Website|Any CPU.Build.0 = Debug|Any CPU
		{2BA32E70-C8A0-412B-9DAA-10F1CA69A7B1}.Debug Website|Mixed Platforms.ActiveCfg = Debug|Any CPU
		{2BA32E70-C8A0-412B-9DAA-10F1CA69A7B1}.Debug Website|Mixed Platforms.Build.0 = Debug|Any CPU
		{2BA32E70-C8A0-412B-9DAA-10F1CA69A7B1}.Debug|.NET.ActiveCfg = Debug|Any CPU
		{2BA32E70-C8A0-412B-9DAA-10F1CA69A7B1}.Debug|Any CPU.ActiveCfg = Debug|Any CPU
		{2BA32E70-C8A0-412B-9DAA-10F1CA69A7B1}.Debug|Any CPU.Build.0 = Debug|Any CPU
		{2BA32E70-C8A0-412B-9DAA-10F1CA69A7B1}.Debug|Mixed Platforms.ActiveCfg = Debug|Any CPU
		{2BA32E70-C8A0-412B-9DAA-10F1CA69A7B1}.Debug|Mixed Platforms.Build.0 = Debug|Any CPU
		{2BA32E70-C8A0-412B-9DAA-10F1CA69A7B1}.Release|.NET.ActiveCfg = Release|Any CPU
		{2BA32E70-C8A0-412B-9DAA-10F1CA69A7B1}.Release|Any CPU.ActiveCfg = Release|Any CPU
		{2BA32E70-C8A0-412B-9DAA-10F1CA69A7B1}.Release|Any CPU.Build.0 = Release|Any CPU
		{2BA32E70-C8A0-412B-9DAA-10F1CA69A7B1}.Release|Mixed Platforms.ActiveCfg = Release|Any CPU
		{2BA32E70-C8A0-412B-9DAA-10F1CA69A7B1}.Release|Mixed Platforms.Build.0 = Release|Any CPU
		{DFB0AE92-8B55-4081-B2D5-BBE2FDE4EA9E}.Debug Fat Client|.NET.ActiveCfg = Debug|.NET
		{DFB0AE92-8B55-4081-B2D5-BBE2FDE4EA9E}.Debug Fat Client|.NET.Build.0 = Debug|.NET
		{DFB0AE92-8B55-4081-B2D5-BBE2FDE4EA9E}.Debug Fat Client|Any CPU.ActiveCfg = Debug|.NET
		{DFB0AE92-8B55-4081-B2D5-BBE2FDE4EA9E}.Debug Fat Client|Mixed Platforms.ActiveCfg = Debug|.NET
		{DFB0AE92-8B55-4081-B2D5-BBE2FDE4EA9E}.Debug Website|.NET.ActiveCfg = Debug|.NET
		{DFB0AE92-8B55-4081-B2D5-BBE2FDE4EA9E}.Debug Website|.NET.Build.0 = Debug|.NET
		{DFB0AE92-8B55-4081-B2D5-BBE2FDE4EA9E}.Debug Website|Any CPU.ActiveCfg = Debug|.NET
		{DFB0AE92-8B55-4081-B2D5-BBE2FDE4EA9E}.Debug Website|Mixed Platforms.ActiveCfg = Debug|.NET
		{DFB0AE92-8B55-4081-B2D5-BBE2FDE4EA9E}.Debug|.NET.ActiveCfg = Debug|.NET
		{DFB0AE92-8B55-4081-B2D5-BBE2FDE4EA9E}.Debug|.NET.Build.0 = Debug|.NET
		{DFB0AE92-8B55-4081-B2D5-BBE2FDE4EA9E}.Debug|Any CPU.ActiveCfg = Debug|.NET
		{DFB0AE92-8B55-4081-B2D5-BBE2FDE4EA9E}.Debug|Mixed Platforms.ActiveCfg = Debug|.NET
		{DFB0AE92-8B55-4081-B2D5-BBE2FDE4EA9E}.Debug|Mixed Platforms.Build.0 = Debug|.NET
		{DFB0AE92-8B55-4081-B2D5-BBE2FDE4EA9E}.Release|.NET.ActiveCfg = Debug|.NET
		{DFB0AE92-8B55-4081-B2D5-BBE2FDE4EA9E}.Release|.NET.Build.0 = Debug|.NET
		{DFB0AE92-8B55-4081-B2D5-BBE2FDE4EA9E}.Release|Any CPU.ActiveCfg = Debug|.NET
		{DFB0AE92-8B55-4081-B2D5-BBE2FDE4EA9E}.Release|Mixed Platforms.ActiveCfg = Debug|.NET
		{DFB0AE92-8B55-4081-B2D5-BBE2FDE4EA9E}.Release|Mixed Platforms.Build.0 = Debug|.NET
		{67073815-5743-4975-81A6-524EF0E5C6C3}.Debug Fat Client|.NET.ActiveCfg = Debug|.NET
		{67073815-5743-4975-81A6-524EF0E5C6C3}.Debug Fat Client|.NET.Build.0 = Debug|.NET
		{67073815-5743-4975-81A6-524EF0E5C6C3}.Debug Fat Client|Any CPU.ActiveCfg = Debug|.NET
		{67073815-5743-4975-81A6-524EF0E5C6C3}.Debug Fat Client|Mixed Platforms.ActiveCfg = Debug|.NET
		{67073815-5743-4975-81A6-524EF0E5C6C3}.Debug Website|.NET.ActiveCfg = Debug|.NET
		{67073815-5743-4975-81A6-524EF0E5C6C3}.Debug Website|.NET.Build.0 = Debug|.NET
		{67073815-5743-4975-81A6-524EF0E5C6C3}.Debug Website|Any CPU.ActiveCfg = Debug|.NET
		{67073815-5743-4975-81A6-524EF0E5C6C3}.Debug Website|Mixed Platforms.ActiveCfg = Debug|.NET
		{67073815-5743-4975-81A6-524EF0E5C6C3}.Debug|.NET.ActiveCfg = Debug|.NET
		{67073815-5743-4975-81A6-524EF0E5C6C3}.Debug|.NET.Build.0 = Debug|.NET
		{67073815-5743-4975-81A6-524EF0E5C6C3}.Debug|Any CPU.ActiveCfg = Debug|.NET
		{67073815-5743-4975-81A6-524EF0E5C6C3}.Debug|Mixed Platforms.ActiveCfg = Debug|.NET
		{67073815-5743-4975-81A6-524EF0E5C6C3}.Debug|Mixed Platforms.Build.0 = Debug|.NET
		{67073815-5743-4975-81A6-524EF0E5C6C3}.Release|.NET.ActiveCfg = Debug|.NET
		{67073815-5743-4975-81A6-524EF0E5C6C3}.Release|.NET.Build.0 = Debug|.NET
		{67073815-5743-4975-81A6-524EF0E5C6C3}.Release|Any CPU.ActiveCfg = Debug|.NET
		{67073815-5743-4975-81A6-524EF0E5C6C3}.Release|Mixed Platforms.ActiveCfg = Debug|.NET
		{67073815-5743-4975-81A6-524EF0E5C6C3}.Release|Mixed Platforms.Build.0 = Debug|.NET
		{2124D2A8-F4E1-455D-833D-4F52D7ED1ACA}.Debug Fat Client|.NET.ActiveCfg = Debug|Any CPU
		{2124D2A8-F4E1-455D-833D-4F52D7ED1ACA}.Debug Fat Client|Any CPU.ActiveCfg = Debug|Any CPU
		{2124D2A8-F4E1-455D-833D-4F52D7ED1ACA}.Debug Fat Client|Any CPU.Build.0 = Debug|Any CPU
		{2124D2A8-F4E1-455D-833D-4F52D7ED1ACA}.Debug Fat Client|Mixed Platforms.ActiveCfg = Debug|Any CPU
		{2124D2A8-F4E1-455D-833D-4F52D7ED1ACA}.Debug Fat Client|Mixed Platforms.Build.0 = Debug|Any CPU
		{2124D2A8-F4E1-455D-833D-4F52D7ED1ACA}.Debug Website|.NET.ActiveCfg = Debug|Any CPU
		{2124D2A8-F4E1-455D-833D-4F52D7ED1ACA}.Debug Website|Any CPU.ActiveCfg = Debug|Any CPU
		{2124D2A8-F4E1-455D-833D-4F52D7ED1ACA}.Debug Website|Any CPU.Build.0 = Debug|Any CPU
		{2124D2A8-F4E1-455D-833D-4F52D7ED1ACA}.Debug Website|Mixed Platforms.ActiveCfg = Debug|Any CPU
		{2124D2A8-F4E1-455D-833D-4F52D7ED1ACA}.Debug|.NET.ActiveCfg = Debug|Any CPU
		{2124D2A8-F4E1-455D-833D-4F52D7ED1ACA}.Debug|Any CPU.ActiveCfg = Debug|Any CPU
		{2124D2A8-F4E1-455D-833D-4F52D7ED1ACA}.Debug|Any CPU.Build.0 = Debug|Any CPU
		{2124D2A8-F4E1-455D-833D-4F52D7ED1ACA}.Debug|Mixed Platforms.ActiveCfg = Debug|Any CPU
		{2124D2A8-F4E1-455D-833D-4F52D7ED1ACA}.Debug|Mixed Platforms.Build.0 = Debug|Any CPU
		{2124D2A8-F4E1-455D-833D-4F52D7ED1ACA}.Release|.NET.ActiveCfg = Release|Any CPU
		{2124D2A8-F4E1-455D-833D-4F52D7ED1ACA}.Release|Any CPU.ActiveCfg = Release|Any CPU
		{2124D2A8-F4E1-455D-833D-4F52D7ED1ACA}.Release|Any CPU.Build.0 = Release|Any CPU
		{2124D2A8-F4E1-455D-833D-4F52D7ED1ACA}.Release|Mixed Platforms.ActiveCfg = Release|Any CPU
		{2124D2A8-F4E1-455D-833D-4F52D7ED1ACA}.Release|Mixed Platforms.Build.0 = Release|Any CPU
	EndGlobalSection
	GlobalSection(SolutionProperties) = preSolution
		HideSolutionNode = FALSE
	EndGlobalSection
	GlobalSection(ExtensibilityGlobals) = postSolution
		VisualSVNWorkingCopyRoot = 
	EndGlobalSection
EndGlobal
